// !$*UTF8*$!
{
	archiveVersion = 1;
	classes = {
	};
	objectVersion = 45;
	objects = {

/* Begin PBXBuildFile section */
		1D60589B0D05DD56006BFB54 /* main.m in Sources */ = {isa = PBXBuildFile; fileRef = 29B97316FDCFA39411CA2CEA /* main.m */; };
		1D60589F0D05DD5A006BFB54 /* Foundation.framework in Frameworks */ = {isa = PBXBuildFile; fileRef = 1D30AB110D05D00D00671497 /* Foundation.framework */; };
		1DF5F4E00D08C38300B7A737 /* UIKit.framework in Frameworks */ = {isa = PBXBuildFile; fileRef = 1DF5F4DF0D08C38300B7A737 /* UIKit.framework */; };
		288765080DF74369002DB57D /* CoreGraphics.framework in Frameworks */ = {isa = PBXBuildFile; fileRef = 288765070DF74369002DB57D /* CoreGraphics.framework */; };
		370E33DF10D82B590001D066 /* button.png in Resources */ = {isa = PBXBuildFile; fileRef = 370E33D810D82B590001D066 /* button.png */; };
		370E33E010D82B590001D066 /* header.png in Resources */ = {isa = PBXBuildFile; fileRef = 370E33D910D82B590001D066 /* header.png */; };
		370E33E210D82B590001D066 /* settings.png in Resources */ = {isa = PBXBuildFile; fileRef = 370E33DB10D82B590001D066 /* settings.png */; };
		370E33E510D82B590001D066 /* tiny-weave.png in Resources */ = {isa = PBXBuildFile; fileRef = 370E33DE10D82B590001D066 /* tiny-weave.png */; };
		3715979210D82DD800F28263 /* BookmarkBrowserController.m in Sources */ = {isa = PBXBuildFile; fileRef = 3715977D10D82DD800F28263 /* BookmarkBrowserController.m */; };
		3715979310D82DD800F28263 /* BookmarkBrowserController.xib in Resources */ = {isa = PBXBuildFile; fileRef = 3715977E10D82DD800F28263 /* BookmarkBrowserController.xib */; };
		3715979410D82DD800F28263 /* LoginController.m in Sources */ = {isa = PBXBuildFile; fileRef = 3715978010D82DD800F28263 /* LoginController.m */; };
		3715979510D82DD800F28263 /* LoginController.xib in Resources */ = {isa = PBXBuildFile; fileRef = 3715978110D82DD800F28263 /* LoginController.xib */; };
		3715979610D82DD800F28263 /* MainWindow.xib in Resources */ = {isa = PBXBuildFile; fileRef = 3715978210D82DD800F28263 /* MainWindow.xib */; };
		3715979710D82DD800F28263 /* SearchResultsController.m in Sources */ = {isa = PBXBuildFile; fileRef = 3715978410D82DD800F28263 /* SearchResultsController.m */; };
		3715979810D82DD800F28263 /* SearchResultsController.xib in Resources */ = {isa = PBXBuildFile; fileRef = 3715978510D82DD800F28263 /* SearchResultsController.xib */; };
		3715979910D82DD800F28263 /* SettingsController.m in Sources */ = {isa = PBXBuildFile; fileRef = 3715978710D82DD800F28263 /* SettingsController.m */; };
		3715979A10D82DD800F28263 /* SettingsController.xib in Resources */ = {isa = PBXBuildFile; fileRef = 3715978810D82DD800F28263 /* SettingsController.xib */; };
		3715979B10D82DD800F28263 /* TabBrowserController.m in Sources */ = {isa = PBXBuildFile; fileRef = 3715978A10D82DD800F28263 /* TabBrowserController.m */; };
		3715979C10D82DD800F28263 /* TabBrowserController.xib in Resources */ = {isa = PBXBuildFile; fileRef = 3715978B10D82DD800F28263 /* TabBrowserController.xib */; };
		3715979E10D82DD800F28263 /* WeaveAppDelegate.m in Sources */ = {isa = PBXBuildFile; fileRef = 3715978E10D82DD800F28263 /* WeaveAppDelegate.m */; };
		3715979F10D82DD800F28263 /* WebPageController.m in Sources */ = {isa = PBXBuildFile; fileRef = 3715979010D82DD800F28263 /* WebPageController.m */; };
		371597A010D82DD800F28263 /* WebPageController.xib in Resources */ = {isa = PBXBuildFile; fileRef = 3715979110D82DD800F28263 /* WebPageController.xib */; };
		3751507210EDD7DE00FDBA14 /* AVFoundation.framework in Frameworks */ = {isa = PBXBuildFile; fileRef = 3751507110EDD7DE00FDBA14 /* AVFoundation.framework */; };
		3758E96410F15A3900C2C760 /* Firefox-title.png in Resources */ = {isa = PBXBuildFile; fileRef = 3758E96210F15A3900C2C760 /* Firefox-title.png */; };
		3758E96510F15A3900C2C760 /* Flashback-title.png in Resources */ = {isa = PBXBuildFile; fileRef = 3758E96310F15A3900C2C760 /* Flashback-title.png */; };
		3758E9A610F1C03B00C2C760 /* back-arrow.png in Resources */ = {isa = PBXBuildFile; fileRef = 3758E9A510F1C03B00C2C760 /* back-arrow.png */; };
		377ACCD210E2D9CD00445EE1 /* Reachability.m in Sources */ = {isa = PBXBuildFile; fileRef = 377ACCD110E2D9CD00445EE1 /* Reachability.m */; };
		378FC17810D82BEA0010D3C9 /* CryptoUtils.m in Sources */ = {isa = PBXBuildFile; fileRef = 378FC15B10D82BEA0010D3C9 /* CryptoUtils.m */; };
		378FC17910D82BEA0010D3C9 /* Fetcher.m in Sources */ = {isa = PBXBuildFile; fileRef = 378FC15D10D82BEA0010D3C9 /* Fetcher.m */; };
		378FC17A10D82BEA0010D3C9 /* NSObject+SBJSON.m in Sources */ = {isa = PBXBuildFile; fileRef = 378FC16110D82BEA0010D3C9 /* NSObject+SBJSON.m */; };
		378FC17B10D82BEA0010D3C9 /* NSString+SBJSON.m in Sources */ = {isa = PBXBuildFile; fileRef = 378FC16310D82BEA0010D3C9 /* NSString+SBJSON.m */; };
		378FC17C10D82BEA0010D3C9 /* SBJSON.m in Sources */ = {isa = PBXBuildFile; fileRef = 378FC16510D82BEA0010D3C9 /* SBJSON.m */; };
		378FC17D10D82BEA0010D3C9 /* SBJsonBase.m in Sources */ = {isa = PBXBuildFile; fileRef = 378FC16710D82BEA0010D3C9 /* SBJsonBase.m */; };
		378FC17E10D82BEA0010D3C9 /* SBJsonParser.m in Sources */ = {isa = PBXBuildFile; fileRef = 378FC16910D82BEA0010D3C9 /* SBJsonParser.m */; };
		378FC17F10D82BEA0010D3C9 /* SBJsonWriter.m in Sources */ = {isa = PBXBuildFile; fileRef = 378FC16B10D82BEA0010D3C9 /* SBJsonWriter.m */; };
		378FC18110D82BEA0010D3C9 /* Stockboy.m in Sources */ = {isa = PBXBuildFile; fileRef = 378FC17110D82BEA0010D3C9 /* Stockboy.m */; };
		378FC18210D82BEA0010D3C9 /* Store.m in Sources */ = {isa = PBXBuildFile; fileRef = 378FC17310D82BEA0010D3C9 /* Store.m */; };
		378FC18310D82BEA0010D3C9 /* Utility.m in Sources */ = {isa = PBXBuildFile; fileRef = 378FC17510D82BEA0010D3C9 /* Utility.m */; };
		37A680EC10DB5B06008005DC /* blankfavicon.ico in Resources */ = {isa = PBXBuildFile; fileRef = 37A680EB10DB5B06008005DC /* blankfavicon.ico */; };
		37A682B310E148BC008005DC /* TapActionController.m in Sources */ = {isa = PBXBuildFile; fileRef = 37A682B210E148BC008005DC /* TapActionController.m */; };
		37C9087C10EEBAC300BDBA56 /* Animator.m in Sources */ = {isa = PBXBuildFile; fileRef = 37C9087B10EEBAC300BDBA56 /* Animator.m */; };
		37F1A67610E81EB6001F4C90 /* ff-logo-medium.png in Resources */ = {isa = PBXBuildFile; fileRef = 37F1A67510E81EB6001F4C90 /* ff-logo-medium.png */; };
		37F1A67A10E81FCD001F4C90 /* bmkhelp.png in Resources */ = {isa = PBXBuildFile; fileRef = 37F1A67710E81FCD001F4C90 /* bmkhelp.png */; };
		37F1A67B10E81FCD001F4C90 /* srchhelp.png in Resources */ = {isa = PBXBuildFile; fileRef = 37F1A67810E81FCD001F4C90 /* srchhelp.png */; };
		37F1A67C10E81FCD001F4C90 /* tabhelp.png in Resources */ = {isa = PBXBuildFile; fileRef = 37F1A67910E81FCD001F4C90 /* tabhelp.png */; };
		37F1A72310E88FE5001F4C90 /* ff-logo-small.png in Resources */ = {isa = PBXBuildFile; fileRef = 37F1A72210E88FE5001F4C90 /* ff-logo-small.png */; };
		37F1A78810E9759C001F4C90 /* SplashScreenController.m in Sources */ = {isa = PBXBuildFile; fileRef = 37F1A78610E9759C001F4C90 /* SplashScreenController.m */; };
		37F1A78910E9759C001F4C90 /* SplashScreenController.xib in Resources */ = {isa = PBXBuildFile; fileRef = 37F1A78710E9759C001F4C90 /* SplashScreenController.xib */; };
		4A275D8E10925B740021DCB4 /* NetworkPaths.plist in Resources */ = {isa = PBXBuildFile; fileRef = 4A275D8D10925B740021DCB4 /* NetworkPaths.plist */; };
		4AFBD419108BC64700C4FD32 /* About.png in Resources */ = {isa = PBXBuildFile; fileRef = 4AFBD412108BC64700C4FD32 /* About.png */; };
		4AFBD41A108BC64700C4FD32 /* Box.png in Resources */ = {isa = PBXBuildFile; fileRef = 4AFBD413108BC64700C4FD32 /* Box.png */; };
		4AFBD41B108BC64700C4FD32 /* Document.png in Resources */ = {isa = PBXBuildFile; fileRef = 4AFBD414108BC64700C4FD32 /* Document.png */; };
		4AFBD41C108BC64700C4FD32 /* Icon.png in Resources */ = {isa = PBXBuildFile; fileRef = 4AFBD415108BC64700C4FD32 /* Icon.png */; };
		4AFBD41D108BC64700C4FD32 /* Logo.png in Resources */ = {isa = PBXBuildFile; fileRef = 4AFBD416108BC64700C4FD32 /* Logo.png */; };
		4AFBD41E108BC64700C4FD32 /* Star.png in Resources */ = {isa = PBXBuildFile; fileRef = 4AFBD417108BC64700C4FD32 /* Star.png */; };
		4AFBD41F108BC64700C4FD32 /* Tabs.png in Resources */ = {isa = PBXBuildFile; fileRef = 4AFBD418108BC64700C4FD32 /* Tabs.png */; };
		4AFBD421108BC64E00C4FD32 /* store.sq3 in Resources */ = {isa = PBXBuildFile; fileRef = 4AFBD420108BC64E00C4FD32 /* store.sq3 */; };
		4AFBD423108BC65500C4FD32 /* Entitlements.plist in Resources */ = {isa = PBXBuildFile; fileRef = 4AFBD422108BC65500C4FD32 /* Entitlements.plist */; };
		4AFBD425108BC65D00C4FD32 /* Default.png in Resources */ = {isa = PBXBuildFile; fileRef = 4AFBD424108BC65D00C4FD32 /* Default.png */; };
		4AFBD436108BC67500C4FD32 /* Security.framework in Frameworks */ = {isa = PBXBuildFile; fileRef = 4AFBD435108BC67500C4FD32 /* Security.framework */; };
		4AFBD47A108BC68500C4FD32 /* libsqlite3.0.dylib in Frameworks */ = {isa = PBXBuildFile; fileRef = 4AFBD479108BC68500C4FD32 /* libsqlite3.0.dylib */; };
		4AFBD47C108BC68A00C4FD32 /* QuartzCore.framework in Frameworks */ = {isa = PBXBuildFile; fileRef = 4AFBD47B108BC68A00C4FD32 /* QuartzCore.framework */; };
		4AFBD480108BC68F00C4FD32 /* SystemConfiguration.framework in Frameworks */ = {isa = PBXBuildFile; fileRef = 4AFBD47F108BC68F00C4FD32 /* SystemConfiguration.framework */; };
/* End PBXBuildFile section */

/* Begin PBXFileReference section */
		1D30AB110D05D00D00671497 /* Foundation.framework */ = {isa = PBXFileReference; lastKnownFileType = wrapper.framework; name = Foundation.framework; path = System/Library/Frameworks/Foundation.framework; sourceTree = SDKROOT; };
		1D6058910D05DD3D006BFB54 /* Weave.app */ = {isa = PBXFileReference; explicitFileType = wrapper.application; includeInIndex = 0; path = Weave.app; sourceTree = BUILT_PRODUCTS_DIR; };
		1DF5F4DF0D08C38300B7A737 /* UIKit.framework */ = {isa = PBXFileReference; lastKnownFileType = wrapper.framework; name = UIKit.framework; path = System/Library/Frameworks/UIKit.framework; sourceTree = SDKROOT; };
		288765070DF74369002DB57D /* CoreGraphics.framework */ = {isa = PBXFileReference; lastKnownFileType = wrapper.framework; name = CoreGraphics.framework; path = System/Library/Frameworks/CoreGraphics.framework; sourceTree = SDKROOT; };
		28A0AB4B0D9B1048005BE974 /* Weave_Prefix.pch */ = {isa = PBXFileReference; fileEncoding = 4; lastKnownFileType = sourcecode.c.h; path = Weave_Prefix.pch; sourceTree = "<group>"; };
		29B97316FDCFA39411CA2CEA /* main.m */ = {isa = PBXFileReference; fileEncoding = 4; lastKnownFileType = sourcecode.c.objc; path = main.m; sourceTree = "<group>"; };
		370E33D810D82B590001D066 /* button.png */ = {isa = PBXFileReference; lastKnownFileType = image.png; path = button.png; sourceTree = "<group>"; };
		370E33D910D82B590001D066 /* header.png */ = {isa = PBXFileReference; lastKnownFileType = image.png; path = header.png; sourceTree = "<group>"; };
		370E33DB10D82B590001D066 /* settings.png */ = {isa = PBXFileReference; lastKnownFileType = image.png; path = settings.png; sourceTree = "<group>"; };
		370E33DE10D82B590001D066 /* tiny-weave.png */ = {isa = PBXFileReference; lastKnownFileType = image.png; path = "tiny-weave.png"; sourceTree = "<group>"; };
		3715977C10D82DD800F28263 /* BookmarkBrowserController.h */ = {isa = PBXFileReference; fileEncoding = 4; lastKnownFileType = sourcecode.c.h; path = BookmarkBrowserController.h; sourceTree = "<group>"; };
		3715977D10D82DD800F28263 /* BookmarkBrowserController.m */ = {isa = PBXFileReference; fileEncoding = 4; lastKnownFileType = sourcecode.c.objc; path = BookmarkBrowserController.m; sourceTree = "<group>"; };
		3715977E10D82DD800F28263 /* BookmarkBrowserController.xib */ = {isa = PBXFileReference; lastKnownFileType = file.xib; path = BookmarkBrowserController.xib; sourceTree = "<group>"; };
		3715977F10D82DD800F28263 /* LoginController.h */ = {isa = PBXFileReference; fileEncoding = 4; lastKnownFileType = sourcecode.c.h; path = LoginController.h; sourceTree = "<group>"; };
		3715978010D82DD800F28263 /* LoginController.m */ = {isa = PBXFileReference; fileEncoding = 4; lastKnownFileType = sourcecode.c.objc; path = LoginController.m; sourceTree = "<group>"; };
		3715978110D82DD800F28263 /* LoginController.xib */ = {isa = PBXFileReference; lastKnownFileType = file.xib; path = LoginController.xib; sourceTree = "<group>"; };
		3715978210D82DD800F28263 /* MainWindow.xib */ = {isa = PBXFileReference; lastKnownFileType = file.xib; path = MainWindow.xib; sourceTree = "<group>"; };
		3715978310D82DD800F28263 /* SearchResultsController.h */ = {isa = PBXFileReference; fileEncoding = 4; lastKnownFileType = sourcecode.c.h; path = SearchResultsController.h; sourceTree = "<group>"; };
		3715978410D82DD800F28263 /* SearchResultsController.m */ = {isa = PBXFileReference; fileEncoding = 4; lastKnownFileType = sourcecode.c.objc; path = SearchResultsController.m; sourceTree = "<group>"; };
		3715978510D82DD800F28263 /* SearchResultsController.xib */ = {isa = PBXFileReference; lastKnownFileType = file.xib; path = SearchResultsController.xib; sourceTree = "<group>"; };
		3715978610D82DD800F28263 /* SettingsController.h */ = {isa = PBXFileReference; fileEncoding = 4; lastKnownFileType = sourcecode.c.h; path = SettingsController.h; sourceTree = "<group>"; };
		3715978710D82DD800F28263 /* SettingsController.m */ = {isa = PBXFileReference; fileEncoding = 4; lastKnownFileType = sourcecode.c.objc; path = SettingsController.m; sourceTree = "<group>"; };
		3715978810D82DD800F28263 /* SettingsController.xib */ = {isa = PBXFileReference; lastKnownFileType = file.xib; path = SettingsController.xib; sourceTree = "<group>"; };
		3715978910D82DD800F28263 /* TabBrowserController.h */ = {isa = PBXFileReference; fileEncoding = 4; lastKnownFileType = sourcecode.c.h; path = TabBrowserController.h; sourceTree = "<group>"; };
		3715978A10D82DD800F28263 /* TabBrowserController.m */ = {isa = PBXFileReference; fileEncoding = 4; lastKnownFileType = sourcecode.c.objc; path = TabBrowserController.m; sourceTree = "<group>"; };
		3715978B10D82DD800F28263 /* TabBrowserController.xib */ = {isa = PBXFileReference; lastKnownFileType = file.xib; path = TabBrowserController.xib; sourceTree = "<group>"; };
		3715978D10D82DD800F28263 /* WeaveAppDelegate.h */ = {isa = PBXFileReference; fileEncoding = 4; lastKnownFileType = sourcecode.c.h; path = WeaveAppDelegate.h; sourceTree = "<group>"; };
		3715978E10D82DD800F28263 /* WeaveAppDelegate.m */ = {isa = PBXFileReference; fileEncoding = 4; lastKnownFileType = sourcecode.c.objc; path = WeaveAppDelegate.m; sourceTree = "<group>"; };
		3715978F10D82DD800F28263 /* WebPageController.h */ = {isa = PBXFileReference; fileEncoding = 4; lastKnownFileType = sourcecode.c.h; path = WebPageController.h; sourceTree = "<group>"; };
		3715979010D82DD800F28263 /* WebPageController.m */ = {isa = PBXFileReference; fileEncoding = 4; lastKnownFileType = sourcecode.c.objc; path = WebPageController.m; sourceTree = "<group>"; };
		3715979110D82DD800F28263 /* WebPageController.xib */ = {isa = PBXFileReference; lastKnownFileType = file.xib; path = WebPageController.xib; sourceTree = "<group>"; };
		3751507110EDD7DE00FDBA14 /* AVFoundation.framework */ = {isa = PBXFileReference; lastKnownFileType = wrapper.framework; name = AVFoundation.framework; path = System/Library/Frameworks/AVFoundation.framework; sourceTree = SDKROOT; };
		3758E96210F15A3900C2C760 /* Firefox-title.png */ = {isa = PBXFileReference; lastKnownFileType = image.png; path = "Firefox-title.png"; sourceTree = "<group>"; };
		3758E96310F15A3900C2C760 /* Flashback-title.png */ = {isa = PBXFileReference; lastKnownFileType = image.png; path = "Flashback-title.png"; sourceTree = "<group>"; };
		3758E9A510F1C03B00C2C760 /* back-arrow.png */ = {isa = PBXFileReference; lastKnownFileType = image.png; path = "back-arrow.png"; sourceTree = "<group>"; };
		377ACCD010E2D9CD00445EE1 /* Reachability.h */ = {isa = PBXFileReference; fileEncoding = 4; lastKnownFileType = sourcecode.c.h; path = Reachability.h; sourceTree = "<group>"; };
		377ACCD110E2D9CD00445EE1 /* Reachability.m */ = {isa = PBXFileReference; fileEncoding = 4; lastKnownFileType = sourcecode.c.objc; path = Reachability.m; sourceTree = "<group>"; };
		378FC15A10D82BEA0010D3C9 /* CryptoUtils.h */ = {isa = PBXFileReference; fileEncoding = 4; lastKnownFileType = sourcecode.c.h; name = CryptoUtils.h; path = "Network And Storage/CryptoUtils.h"; sourceTree = SOURCE_ROOT; };
		378FC15B10D82BEA0010D3C9 /* CryptoUtils.m */ = {isa = PBXFileReference; fileEncoding = 4; lastKnownFileType = sourcecode.c.objc; name = CryptoUtils.m; path = "Network And Storage/CryptoUtils.m"; sourceTree = SOURCE_ROOT; };
		378FC15C10D82BEA0010D3C9 /* Fetcher.h */ = {isa = PBXFileReference; fileEncoding = 4; lastKnownFileType = sourcecode.c.h; name = Fetcher.h; path = "Network And Storage/Fetcher.h"; sourceTree = SOURCE_ROOT; };
		378FC15D10D82BEA0010D3C9 /* Fetcher.m */ = {isa = PBXFileReference; fileEncoding = 4; lastKnownFileType = sourcecode.c.objc; name = Fetcher.m; path = "Network And Storage/Fetcher.m"; sourceTree = SOURCE_ROOT; };
		378FC15F10D82BEA0010D3C9 /* JSON.h */ = {isa = PBXFileReference; fileEncoding = 4; lastKnownFileType = sourcecode.c.h; path = JSON.h; sourceTree = "<group>"; };
		378FC16010D82BEA0010D3C9 /* NSObject+SBJSON.h */ = {isa = PBXFileReference; fileEncoding = 4; lastKnownFileType = sourcecode.c.h; path = "NSObject+SBJSON.h"; sourceTree = "<group>"; };
		378FC16110D82BEA0010D3C9 /* NSObject+SBJSON.m */ = {isa = PBXFileReference; fileEncoding = 4; lastKnownFileType = sourcecode.c.objc; path = "NSObject+SBJSON.m"; sourceTree = "<group>"; };
		378FC16210D82BEA0010D3C9 /* NSString+SBJSON.h */ = {isa = PBXFileReference; fileEncoding = 4; lastKnownFileType = sourcecode.c.h; path = "NSString+SBJSON.h"; sourceTree = "<group>"; };
		378FC16310D82BEA0010D3C9 /* NSString+SBJSON.m */ = {isa = PBXFileReference; fileEncoding = 4; lastKnownFileType = sourcecode.c.objc; path = "NSString+SBJSON.m"; sourceTree = "<group>"; };
		378FC16410D82BEA0010D3C9 /* SBJSON.h */ = {isa = PBXFileReference; fileEncoding = 4; lastKnownFileType = sourcecode.c.h; path = SBJSON.h; sourceTree = "<group>"; };
		378FC16510D82BEA0010D3C9 /* SBJSON.m */ = {isa = PBXFileReference; fileEncoding = 4; lastKnownFileType = sourcecode.c.objc; path = SBJSON.m; sourceTree = "<group>"; };
		378FC16610D82BEA0010D3C9 /* SBJsonBase.h */ = {isa = PBXFileReference; fileEncoding = 4; lastKnownFileType = sourcecode.c.h; path = SBJsonBase.h; sourceTree = "<group>"; };
		378FC16710D82BEA0010D3C9 /* SBJsonBase.m */ = {isa = PBXFileReference; fileEncoding = 4; lastKnownFileType = sourcecode.c.objc; path = SBJsonBase.m; sourceTree = "<group>"; };
		378FC16810D82BEA0010D3C9 /* SBJsonParser.h */ = {isa = PBXFileReference; fileEncoding = 4; lastKnownFileType = sourcecode.c.h; path = SBJsonParser.h; sourceTree = "<group>"; };
		378FC16910D82BEA0010D3C9 /* SBJsonParser.m */ = {isa = PBXFileReference; fileEncoding = 4; lastKnownFileType = sourcecode.c.objc; path = SBJsonParser.m; sourceTree = "<group>"; };
		378FC16A10D82BEA0010D3C9 /* SBJsonWriter.h */ = {isa = PBXFileReference; fileEncoding = 4; lastKnownFileType = sourcecode.c.h; path = SBJsonWriter.h; sourceTree = "<group>"; };
		378FC16B10D82BEA0010D3C9 /* SBJsonWriter.m */ = {isa = PBXFileReference; fileEncoding = 4; lastKnownFileType = sourcecode.c.objc; path = SBJsonWriter.m; sourceTree = "<group>"; };
		378FC17010D82BEA0010D3C9 /* Stockboy.h */ = {isa = PBXFileReference; fileEncoding = 4; lastKnownFileType = sourcecode.c.h; name = Stockboy.h; path = "Network And Storage/Stockboy.h"; sourceTree = SOURCE_ROOT; };
		378FC17110D82BEA0010D3C9 /* Stockboy.m */ = {isa = PBXFileReference; fileEncoding = 4; lastKnownFileType = sourcecode.c.objc; name = Stockboy.m; path = "Network And Storage/Stockboy.m"; sourceTree = SOURCE_ROOT; };
		378FC17210D82BEA0010D3C9 /* Store.h */ = {isa = PBXFileReference; fileEncoding = 4; lastKnownFileType = sourcecode.c.h; name = Store.h; path = "Network And Storage/Store.h"; sourceTree = SOURCE_ROOT; };
		378FC17310D82BEA0010D3C9 /* Store.m */ = {isa = PBXFileReference; fileEncoding = 4; lastKnownFileType = sourcecode.c.objc; name = Store.m; path = "Network And Storage/Store.m"; sourceTree = SOURCE_ROOT; };
		378FC17410D82BEA0010D3C9 /* Utility.h */ = {isa = PBXFileReference; fileEncoding = 4; lastKnownFileType = sourcecode.c.h; name = Utility.h; path = "Network And Storage/Utility.h"; sourceTree = SOURCE_ROOT; };
		378FC17510D82BEA0010D3C9 /* Utility.m */ = {isa = PBXFileReference; fileEncoding = 4; lastKnownFileType = sourcecode.c.objc; name = Utility.m; path = "Network And Storage/Utility.m"; sourceTree = SOURCE_ROOT; };
		37A680EB10DB5B06008005DC /* blankfavicon.ico */ = {isa = PBXFileReference; lastKnownFileType = image.ico; path = blankfavicon.ico; sourceTree = "<group>"; };
		37A682B110E148BC008005DC /* TapActionController.h */ = {isa = PBXFileReference; fileEncoding = 4; lastKnownFileType = sourcecode.c.h; path = TapActionController.h; sourceTree = "<group>"; };
		37A682B210E148BC008005DC /* TapActionController.m */ = {isa = PBXFileReference; fileEncoding = 4; lastKnownFileType = sourcecode.c.objc; path = TapActionController.m; sourceTree = "<group>"; };
		37C9087A10EEBAC300BDBA56 /* Animator.h */ = {isa = PBXFileReference; fileEncoding = 4; lastKnownFileType = sourcecode.c.h; path = Animator.h; sourceTree = "<group>"; };
		37C9087B10EEBAC300BDBA56 /* Animator.m */ = {isa = PBXFileReference; fileEncoding = 4; lastKnownFileType = sourcecode.c.objc; path = Animator.m; sourceTree = "<group>"; };
		37F1A67510E81EB6001F4C90 /* ff-logo-medium.png */ = {isa = PBXFileReference; lastKnownFileType = image.png; path = "ff-logo-medium.png"; sourceTree = "<group>"; };
		37F1A67710E81FCD001F4C90 /* bmkhelp.png */ = {isa = PBXFileReference; lastKnownFileType = image.png; path = bmkhelp.png; sourceTree = "<group>"; };
		37F1A67810E81FCD001F4C90 /* srchhelp.png */ = {isa = PBXFileReference; lastKnownFileType = image.png; path = srchhelp.png; sourceTree = "<group>"; };
		37F1A67910E81FCD001F4C90 /* tabhelp.png */ = {isa = PBXFileReference; lastKnownFileType = image.png; path = tabhelp.png; sourceTree = "<group>"; };
		37F1A72210E88FE5001F4C90 /* ff-logo-small.png */ = {isa = PBXFileReference; lastKnownFileType = image.png; path = "ff-logo-small.png"; sourceTree = "<group>"; };
		37F1A78510E9759C001F4C90 /* SplashScreenController.h */ = {isa = PBXFileReference; fileEncoding = 4; lastKnownFileType = sourcecode.c.h; path = SplashScreenController.h; sourceTree = "<group>"; };
		37F1A78610E9759C001F4C90 /* SplashScreenController.m */ = {isa = PBXFileReference; fileEncoding = 4; lastKnownFileType = sourcecode.c.objc; path = SplashScreenController.m; sourceTree = "<group>"; };
		37F1A78710E9759C001F4C90 /* SplashScreenController.xib */ = {isa = PBXFileReference; lastKnownFileType = file.xib; path = SplashScreenController.xib; sourceTree = "<group>"; };
		4A275D8D10925B740021DCB4 /* NetworkPaths.plist */ = {isa = PBXFileReference; fileEncoding = 4; lastKnownFileType = text.plist.xml; path = NetworkPaths.plist; sourceTree = "<group>"; };
		4AFBD412108BC64700C4FD32 /* About.png */ = {isa = PBXFileReference; lastKnownFileType = image.png; path = About.png; sourceTree = "<group>"; };
		4AFBD413108BC64700C4FD32 /* Box.png */ = {isa = PBXFileReference; lastKnownFileType = image.png; path = Box.png; sourceTree = "<group>"; };
		4AFBD414108BC64700C4FD32 /* Document.png */ = {isa = PBXFileReference; lastKnownFileType = image.png; path = Document.png; sourceTree = "<group>"; };
		4AFBD415108BC64700C4FD32 /* Icon.png */ = {isa = PBXFileReference; lastKnownFileType = image.png; path = Icon.png; sourceTree = "<group>"; };
		4AFBD416108BC64700C4FD32 /* Logo.png */ = {isa = PBXFileReference; lastKnownFileType = image.png; path = Logo.png; sourceTree = "<group>"; };
		4AFBD417108BC64700C4FD32 /* Star.png */ = {isa = PBXFileReference; lastKnownFileType = image.png; path = Star.png; sourceTree = "<group>"; };
		4AFBD418108BC64700C4FD32 /* Tabs.png */ = {isa = PBXFileReference; lastKnownFileType = image.png; path = Tabs.png; sourceTree = "<group>"; };
		4AFBD420108BC64E00C4FD32 /* store.sq3 */ = {isa = PBXFileReference; lastKnownFileType = file; path = store.sq3; sourceTree = "<group>"; };
		4AFBD422108BC65500C4FD32 /* Entitlements.plist */ = {isa = PBXFileReference; fileEncoding = 4; lastKnownFileType = text.plist.xml; path = Entitlements.plist; sourceTree = "<group>"; };
		4AFBD424108BC65D00C4FD32 /* Default.png */ = {isa = PBXFileReference; lastKnownFileType = image.png; path = Default.png; sourceTree = "<group>"; };
		4AFBD435108BC67500C4FD32 /* Security.framework */ = {isa = PBXFileReference; lastKnownFileType = wrapper.framework; name = Security.framework; path = /System/Library/Frameworks/Security.framework; sourceTree = "<absolute>"; };
		4AFBD479108BC68500C4FD32 /* libsqlite3.0.dylib */ = {isa = PBXFileReference; lastKnownFileType = "compiled.mach-o.dylib"; name = libsqlite3.0.dylib; path = /usr/lib/libsqlite3.0.dylib; sourceTree = "<absolute>"; };
		4AFBD47B108BC68A00C4FD32 /* QuartzCore.framework */ = {isa = PBXFileReference; lastKnownFileType = wrapper.framework; name = QuartzCore.framework; path = /System/Library/Frameworks/QuartzCore.framework; sourceTree = "<absolute>"; };
		4AFBD47F108BC68F00C4FD32 /* SystemConfiguration.framework */ = {isa = PBXFileReference; lastKnownFileType = wrapper.framework; name = SystemConfiguration.framework; path = /System/Library/Frameworks/SystemConfiguration.framework; sourceTree = "<absolute>"; };
		8D1107310486CEB800E47090 /* Weave-Info.plist */ = {isa = PBXFileReference; fileEncoding = 4; lastKnownFileType = text.plist.xml; path = "Weave-Info.plist"; plistStructureDefinitionIdentifier = "com.apple.xcode.plist.structure-definition.iphone.info-plist"; sourceTree = "<group>"; };
/* End PBXFileReference section */

/* Begin PBXFrameworksBuildPhase section */
		1D60588F0D05DD3D006BFB54 /* Frameworks */ = {
			isa = PBXFrameworksBuildPhase;
			buildActionMask = 2147483647;
			files = (
				1D60589F0D05DD5A006BFB54 /* Foundation.framework in Frameworks */,
				1DF5F4E00D08C38300B7A737 /* UIKit.framework in Frameworks */,
				288765080DF74369002DB57D /* CoreGraphics.framework in Frameworks */,
				4AFBD436108BC67500C4FD32 /* Security.framework in Frameworks */,
				4AFBD47A108BC68500C4FD32 /* libsqlite3.0.dylib in Frameworks */,
				4AFBD47C108BC68A00C4FD32 /* QuartzCore.framework in Frameworks */,
				4AFBD480108BC68F00C4FD32 /* SystemConfiguration.framework in Frameworks */,
				3751507210EDD7DE00FDBA14 /* AVFoundation.framework in Frameworks */,
			);
			runOnlyForDeploymentPostprocessing = 0;
		};
/* End PBXFrameworksBuildPhase section */

/* Begin PBXGroup section */
		080E96DDFE201D6D7F000001 /* Network And Storage */ = {
			isa = PBXGroup;
			children = (
				378FC15A10D82BEA0010D3C9 /* CryptoUtils.h */,
				378FC15B10D82BEA0010D3C9 /* CryptoUtils.m */,
				378FC15C10D82BEA0010D3C9 /* Fetcher.h */,
				378FC15D10D82BEA0010D3C9 /* Fetcher.m */,
				378FC15E10D82BEA0010D3C9 /* JSON */,
				378FC16C10D82BEA0010D3C9 /* Reachability */,
				378FC17010D82BEA0010D3C9 /* Stockboy.h */,
				378FC17110D82BEA0010D3C9 /* Stockboy.m */,
				378FC17210D82BEA0010D3C9 /* Store.h */,
				378FC17310D82BEA0010D3C9 /* Store.m */,
				378FC17410D82BEA0010D3C9 /* Utility.h */,
				378FC17510D82BEA0010D3C9 /* Utility.m */,
			);
			path = "Network And Storage";
			sourceTree = "<group>";
		};
		19C28FACFE9D520D11CA2CBB /* Products */ = {
			isa = PBXGroup;
			children = (
				1D6058910D05DD3D006BFB54 /* Weave.app */,
			);
			name = Products;
			sourceTree = "<group>";
		};
		29B97314FDCFA39411CA2CEA /* Weave */ = {
			isa = PBXGroup;
			children = (
				376EA60110D037CF00D37DD3 /* User Interface */,
				080E96DDFE201D6D7F000001 /* Network And Storage */,
				29B97315FDCFA39411CA2CEA /* Other Sources */,
				29B97317FDCFA39411CA2CEA /* Resources */,
				29B97323FDCFA39411CA2CEA /* Frameworks */,
				19C28FACFE9D520D11CA2CBB /* Products */,
			);
			name = Weave;
			sourceTree = "<group>";
		};
		29B97315FDCFA39411CA2CEA /* Other Sources */ = {
			isa = PBXGroup;
			children = (
				28A0AB4B0D9B1048005BE974 /* Weave_Prefix.pch */,
				29B97316FDCFA39411CA2CEA /* main.m */,
			);
			name = "Other Sources";
			sourceTree = "<group>";
		};
		29B97317FDCFA39411CA2CEA /* Resources */ = {
			isa = PBXGroup;
			children = (
				4AFBD411108BC64700C4FD32 /* Images */,
				4AFBD424108BC65D00C4FD32 /* Default.png */,
				4AFBD420108BC64E00C4FD32 /* store.sq3 */,
				8D1107310486CEB800E47090 /* Weave-Info.plist */,
				4AFBD422108BC65500C4FD32 /* Entitlements.plist */,
				4A275D8D10925B740021DCB4 /* NetworkPaths.plist */,
			);
			name = Resources;
			sourceTree = "<group>";
		};
		29B97323FDCFA39411CA2CEA /* Frameworks */ = {
			isa = PBXGroup;
			children = (
				3751507110EDD7DE00FDBA14 /* AVFoundation.framework */,
				4AFBD435108BC67500C4FD32 /* Security.framework */,
				1DF5F4DF0D08C38300B7A737 /* UIKit.framework */,
				1D30AB110D05D00D00671497 /* Foundation.framework */,
				288765070DF74369002DB57D /* CoreGraphics.framework */,
				4AFBD479108BC68500C4FD32 /* libsqlite3.0.dylib */,
				4AFBD47B108BC68A00C4FD32 /* QuartzCore.framework */,
				4AFBD47F108BC68F00C4FD32 /* SystemConfiguration.framework */,
			);
			name = Frameworks;
			sourceTree = "<group>";
		};
		376EA60110D037CF00D37DD3 /* User Interface */ = {
			isa = PBXGroup;
			children = (
				37A682B110E148BC008005DC /* TapActionController.h */,
				37A682B210E148BC008005DC /* TapActionController.m */,
				3715977C10D82DD800F28263 /* BookmarkBrowserController.h */,
				3715977D10D82DD800F28263 /* BookmarkBrowserController.m */,
				3715977E10D82DD800F28263 /* BookmarkBrowserController.xib */,
				3715977F10D82DD800F28263 /* LoginController.h */,
				3715978010D82DD800F28263 /* LoginController.m */,
				3715978110D82DD800F28263 /* LoginController.xib */,
				3715978310D82DD800F28263 /* SearchResultsController.h */,
				3715978410D82DD800F28263 /* SearchResultsController.m */,
				3715978510D82DD800F28263 /* SearchResultsController.xib */,
				3715978610D82DD800F28263 /* SettingsController.h */,
				3715978710D82DD800F28263 /* SettingsController.m */,
				3715978810D82DD800F28263 /* SettingsController.xib */,
				3715978910D82DD800F28263 /* TabBrowserController.h */,
				3715978A10D82DD800F28263 /* TabBrowserController.m */,
				3715978B10D82DD800F28263 /* TabBrowserController.xib */,
				3715978D10D82DD800F28263 /* WeaveAppDelegate.h */,
				3715978E10D82DD800F28263 /* WeaveAppDelegate.m */,
				3715978210D82DD800F28263 /* MainWindow.xib */,
				3715978F10D82DD800F28263 /* WebPageController.h */,
				3715979010D82DD800F28263 /* WebPageController.m */,
				3715979110D82DD800F28263 /* WebPageController.xib */,
				37F1A78510E9759C001F4C90 /* SplashScreenController.h */,
				37F1A78610E9759C001F4C90 /* SplashScreenController.m */,
				37F1A78710E9759C001F4C90 /* SplashScreenController.xib */,
				37C9087A10EEBAC300BDBA56 /* Animator.h */,
				37C9087B10EEBAC300BDBA56 /* Animator.m */,
			);
			path = "User Interface";
			sourceTree = "<group>";
		};
		378FC15E10D82BEA0010D3C9 /* JSON */ = {
			isa = PBXGroup;
			children = (
				378FC15F10D82BEA0010D3C9 /* JSON.h */,
				378FC16010D82BEA0010D3C9 /* NSObject+SBJSON.h */,
				378FC16110D82BEA0010D3C9 /* NSObject+SBJSON.m */,
				378FC16210D82BEA0010D3C9 /* NSString+SBJSON.h */,
				378FC16310D82BEA0010D3C9 /* NSString+SBJSON.m */,
				378FC16410D82BEA0010D3C9 /* SBJSON.h */,
				378FC16510D82BEA0010D3C9 /* SBJSON.m */,
				378FC16610D82BEA0010D3C9 /* SBJsonBase.h */,
				378FC16710D82BEA0010D3C9 /* SBJsonBase.m */,
				378FC16810D82BEA0010D3C9 /* SBJsonParser.h */,
				378FC16910D82BEA0010D3C9 /* SBJsonParser.m */,
				378FC16A10D82BEA0010D3C9 /* SBJsonWriter.h */,
				378FC16B10D82BEA0010D3C9 /* SBJsonWriter.m */,
			);
			name = JSON;
			path = "Network And Storage/JSON";
			sourceTree = SOURCE_ROOT;
		};
		378FC16C10D82BEA0010D3C9 /* Reachability */ = {
			isa = PBXGroup;
			children = (
				377ACCD010E2D9CD00445EE1 /* Reachability.h */,
				377ACCD110E2D9CD00445EE1 /* Reachability.m */,
			);
			name = Reachability;
			path = "Network And Storage/Reachability";
			sourceTree = SOURCE_ROOT;
		};
		4AFBD411108BC64700C4FD32 /* Images */ = {
			isa = PBXGroup;
			children = (
				3758E9A510F1C03B00C2C760 /* back-arrow.png */,
				3758E96210F15A3900C2C760 /* Firefox-title.png */,
				3758E96310F15A3900C2C760 /* Flashback-title.png */,
				37F1A72210E88FE5001F4C90 /* ff-logo-small.png */,
				37F1A67510E81EB6001F4C90 /* ff-logo-medium.png */,
				37F1A67710E81FCD001F4C90 /* bmkhelp.png */,
				37F1A67810E81FCD001F4C90 /* srchhelp.png */,
				37F1A67910E81FCD001F4C90 /* tabhelp.png */,
				37A680EB10DB5B06008005DC /* blankfavicon.ico */,
				370E33D810D82B590001D066 /* button.png */,
				370E33D910D82B590001D066 /* header.png */,
				370E33DB10D82B590001D066 /* settings.png */,
				370E33DE10D82B590001D066 /* tiny-weave.png */,
				4AFBD412108BC64700C4FD32 /* About.png */,
				4AFBD413108BC64700C4FD32 /* Box.png */,
				4AFBD414108BC64700C4FD32 /* Document.png */,
				4AFBD415108BC64700C4FD32 /* Icon.png */,
				4AFBD416108BC64700C4FD32 /* Logo.png */,
				4AFBD417108BC64700C4FD32 /* Star.png */,
				4AFBD418108BC64700C4FD32 /* Tabs.png */,
			);
			path = Images;
			sourceTree = "<group>";
		};
/* End PBXGroup section */

/* Begin PBXNativeTarget section */
		1D6058900D05DD3D006BFB54 /* Weave */ = {
			isa = PBXNativeTarget;
			buildConfigurationList = 1D6058960D05DD3E006BFB54 /* Build configuration list for PBXNativeTarget "Weave" */;
			buildPhases = (
				1D60588D0D05DD3D006BFB54 /* Resources */,
				1D60588E0D05DD3D006BFB54 /* Sources */,
				1D60588F0D05DD3D006BFB54 /* Frameworks */,
			);
			buildRules = (
			);
			dependencies = (
			);
			name = Weave;
			productName = Weave;
			productReference = 1D6058910D05DD3D006BFB54 /* Weave.app */;
			productType = "com.apple.product-type.application";
		};
/* End PBXNativeTarget section */

/* Begin PBXProject section */
		29B97313FDCFA39411CA2CEA /* Project object */ = {
			isa = PBXProject;
			buildConfigurationList = C01FCF4E08A954540054247B /* Build configuration list for PBXProject "Weave" */;
			compatibilityVersion = "Xcode 3.1";
			hasScannedForEncodings = 1;
			mainGroup = 29B97314FDCFA39411CA2CEA /* Weave */;
			projectDirPath = "";
			projectRoot = "";
			targets = (
				1D6058900D05DD3D006BFB54 /* Weave */,
			);
		};
/* End PBXProject section */

/* Begin PBXResourcesBuildPhase section */
		1D60588D0D05DD3D006BFB54 /* Resources */ = {
			isa = PBXResourcesBuildPhase;
			buildActionMask = 2147483647;
			files = (
				4AFBD419108BC64700C4FD32 /* About.png in Resources */,
				4AFBD41A108BC64700C4FD32 /* Box.png in Resources */,
				4AFBD41B108BC64700C4FD32 /* Document.png in Resources */,
				4AFBD41C108BC64700C4FD32 /* Icon.png in Resources */,
				4AFBD41D108BC64700C4FD32 /* Logo.png in Resources */,
				4AFBD41E108BC64700C4FD32 /* Star.png in Resources */,
				4AFBD41F108BC64700C4FD32 /* Tabs.png in Resources */,
				4AFBD421108BC64E00C4FD32 /* store.sq3 in Resources */,
				4AFBD423108BC65500C4FD32 /* Entitlements.plist in Resources */,
				4AFBD425108BC65D00C4FD32 /* Default.png in Resources */,
				4A275D8E10925B740021DCB4 /* NetworkPaths.plist in Resources */,
				370E33DF10D82B590001D066 /* button.png in Resources */,
				370E33E010D82B590001D066 /* header.png in Resources */,
				370E33E210D82B590001D066 /* settings.png in Resources */,
				370E33E510D82B590001D066 /* tiny-weave.png in Resources */,
				3715979310D82DD800F28263 /* BookmarkBrowserController.xib in Resources */,
				3715979510D82DD800F28263 /* LoginController.xib in Resources */,
				3715979610D82DD800F28263 /* MainWindow.xib in Resources */,
				3715979810D82DD800F28263 /* SearchResultsController.xib in Resources */,
				3715979A10D82DD800F28263 /* SettingsController.xib in Resources */,
				3715979C10D82DD800F28263 /* TabBrowserController.xib in Resources */,
				371597A010D82DD800F28263 /* WebPageController.xib in Resources */,
				37A680EC10DB5B06008005DC /* blankfavicon.ico in Resources */,
				37F1A67610E81EB6001F4C90 /* ff-logo-medium.png in Resources */,
				37F1A67A10E81FCD001F4C90 /* bmkhelp.png in Resources */,
				37F1A67B10E81FCD001F4C90 /* srchhelp.png in Resources */,
				37F1A67C10E81FCD001F4C90 /* tabhelp.png in Resources */,
				37F1A72310E88FE5001F4C90 /* ff-logo-small.png in Resources */,
				37F1A78910E9759C001F4C90 /* SplashScreenController.xib in Resources */,
				3758E96410F15A3900C2C760 /* Firefox-title.png in Resources */,
				3758E96510F15A3900C2C760 /* Flashback-title.png in Resources */,
				3758E9A610F1C03B00C2C760 /* back-arrow.png in Resources */,
			);
			runOnlyForDeploymentPostprocessing = 0;
		};
/* End PBXResourcesBuildPhase section */

/* Begin PBXSourcesBuildPhase section */
		1D60588E0D05DD3D006BFB54 /* Sources */ = {
			isa = PBXSourcesBuildPhase;
			buildActionMask = 2147483647;
			files = (
				1D60589B0D05DD56006BFB54 /* main.m in Sources */,
				378FC17810D82BEA0010D3C9 /* CryptoUtils.m in Sources */,
				378FC17910D82BEA0010D3C9 /* Fetcher.m in Sources */,
				378FC17A10D82BEA0010D3C9 /* NSObject+SBJSON.m in Sources */,
				378FC17B10D82BEA0010D3C9 /* NSString+SBJSON.m in Sources */,
				378FC17C10D82BEA0010D3C9 /* SBJSON.m in Sources */,
				378FC17D10D82BEA0010D3C9 /* SBJsonBase.m in Sources */,
				378FC17E10D82BEA0010D3C9 /* SBJsonParser.m in Sources */,
				378FC17F10D82BEA0010D3C9 /* SBJsonWriter.m in Sources */,
				378FC18110D82BEA0010D3C9 /* Stockboy.m in Sources */,
				378FC18210D82BEA0010D3C9 /* Store.m in Sources */,
				378FC18310D82BEA0010D3C9 /* Utility.m in Sources */,
				3715979210D82DD800F28263 /* BookmarkBrowserController.m in Sources */,
				3715979410D82DD800F28263 /* LoginController.m in Sources */,
				3715979710D82DD800F28263 /* SearchResultsController.m in Sources */,
				3715979910D82DD800F28263 /* SettingsController.m in Sources */,
				3715979B10D82DD800F28263 /* TabBrowserController.m in Sources */,
				3715979E10D82DD800F28263 /* WeaveAppDelegate.m in Sources */,
				3715979F10D82DD800F28263 /* WebPageController.m in Sources */,
				37A682B310E148BC008005DC /* TapActionController.m in Sources */,
				377ACCD210E2D9CD00445EE1 /* Reachability.m in Sources */,
				37F1A78810E9759C001F4C90 /* SplashScreenController.m in Sources */,
				37C9087C10EEBAC300BDBA56 /* Animator.m in Sources */,
			);
			runOnlyForDeploymentPostprocessing = 0;
		};
/* End PBXSourcesBuildPhase section */

/* Begin XCBuildConfiguration section */
		16434EA110EAD91100045A1A /* Distribution */ = {
			isa = XCBuildConfiguration;
			buildSettings = {
				ARCHS = "$(ARCHS_STANDARD_32_BIT)";
				"CODE_SIGN_IDENTITY[sdk=iphoneos*]" = "iPhone Developer";
				GCC_C_LANGUAGE_STANDARD = c99;
				GCC_WARN_ABOUT_RETURN_TYPE = YES;
				GCC_WARN_UNUSED_VARIABLE = YES;
				PREBINDING = NO;
				SDKROOT = iphoneos3.1;
			};
			name = Distribution;
		};
		16434EA210EAD91100045A1A /* Distribution */ = {
			isa = XCBuildConfiguration;
			buildSettings = {
				ALWAYS_SEARCH_USER_PATHS = NO;
				CODE_SIGN_ENTITLEMENTS = Entitlements.plist;
				"CODE_SIGN_IDENTITY[sdk=iphoneos*]" = "iPhone Distribution";
				COPY_PHASE_STRIP = YES;
				GCC_PRECOMPILE_PREFIX_HEADER = YES;
				GCC_PREFIX_HEADER = Weave_Prefix.pch;
				INFOPLIST_FILE = "Weave-Info.plist";
				PRODUCT_NAME = Weave;
				"PROVISIONING_PROFILE[sdk=iphoneos*]" = "";
			};
			name = Distribution;
		};
		1D6058940D05DD3E006BFB54 /* Debug */ = {
			isa = XCBuildConfiguration;
			buildSettings = {
				ALWAYS_SEARCH_USER_PATHS = NO;
				COPY_PHASE_STRIP = NO;
				GCC_DYNAMIC_NO_PIC = NO;
				GCC_OPTIMIZATION_LEVEL = 0;
				GCC_PRECOMPILE_PREFIX_HEADER = YES;
				GCC_PREFIX_HEADER = Weave_Prefix.pch;
				INFOPLIST_FILE = "Weave-Info.plist";
				PRODUCT_NAME = Weave;
			};
			name = Debug;
		};
		1D6058950D05DD3E006BFB54 /* Release */ = {
			isa = XCBuildConfiguration;
			buildSettings = {
				ALWAYS_SEARCH_USER_PATHS = NO;
				COPY_PHASE_STRIP = YES;
				GCC_PRECOMPILE_PREFIX_HEADER = YES;
				GCC_PREFIX_HEADER = Weave_Prefix.pch;
				INFOPLIST_FILE = "Weave-Info.plist";
				PRODUCT_NAME = Weave;
			};
			name = Release;
		};
		C01FCF4F08A954540054247B /* Debug */ = {
			isa = XCBuildConfiguration;
			buildSettings = {
				ARCHS = "$(ARCHS_STANDARD_32_BIT)";
				"CODE_SIGN_IDENTITY[sdk=iphoneos*]" = "iPhone Developer";
				GCC_C_LANGUAGE_STANDARD = c99;
				GCC_WARN_ABOUT_RETURN_TYPE = YES;
				GCC_WARN_UNUSED_VARIABLE = YES;
				PREBINDING = NO;
				SDKROOT = iphoneos3.1;
			};
			name = Debug;
		};
		C01FCF5008A954540054247B /* Release */ = {
			isa = XCBuildConfiguration;
			buildSettings = {
				ARCHS = "$(ARCHS_STANDARD_32_BIT)";
				"CODE_SIGN_IDENTITY[sdk=iphoneos*]" = "iPhone Developer";
				GCC_C_LANGUAGE_STANDARD = c99;
				GCC_WARN_ABOUT_RETURN_TYPE = YES;
				GCC_WARN_UNUSED_VARIABLE = YES;
				PREBINDING = NO;
				SDKROOT = iphoneos3.1;
			};
			name = Release;
		};
/* End XCBuildConfiguration section */

/* Begin XCConfigurationList section */
		1D6058960D05DD3E006BFB54 /* Build configuration list for PBXNativeTarget "Weave" */ = {
			isa = XCConfigurationList;
			buildConfigurations = (
				1D6058940D05DD3E006BFB54 /* Debug */,
				1D6058950D05DD3E006BFB54 /* Release */,
				16434EA210EAD91100045A1A /* Distribution */,
			);
			defaultConfigurationIsVisible = 0;
			defaultConfigurationName = Release;
		};
		C01FCF4E08A954540054247B /* Build configuration list for PBXProject "Weave" */ = {
			isa = XCConfigurationList;
			buildConfigurations = (
				C01FCF4F08A954540054247B /* Debug */,
				C01FCF5008A954540054247B /* Release */,
				16434EA110EAD91100045A1A /* Distribution */,
			);
			defaultConfigurationIsVisible = 0;
			defaultConfigurationName = Release;
		};
/* End XCConfigurationList section */
	};
	rootObject = 29B97313FDCFA39411CA2CEA /* Project object */;
}
